
Microsoft Visual Studio Solution File, Format Version 12.00
# Visual Studio Version 16
VisualStudioVersion = 16.0.31105.61
MinimumVisualStudioVersion = 10.0.40219.1
Project("{9A19103F-16F7-4668-BE54-9A1E7A4F7556}") = "AkvelonTask", "AkvelonTask\AkvelonTask.csproj", "{2210C171-9DE0-4484-A43E-D5DB76A35156}"
EndProject
Project("{FAE04EC0-301F-11D3-BF4B-00C04F79EFBC}") = "AkvelonTaskTests", "AkvelonTaskTests\AkvelonTaskTests.csproj", "{CE9D5DC8-B14F-4DBB-92C7-D5E08DE5D7CE}"
EndProject
Global
	GlobalSection(SolutionConfigurationPlatforms) = preSolution
		Debug|Any CPU = Debug|Any CPU
		Release|Any CPU = Release|Any CPU
	EndGlobalSection
	GlobalSection(ProjectConfigurationPlatforms) = postSolution
		{2210C171-9DE0-4484-A43E-D5DB76A35156}.Debug|Any CPU.ActiveCfg = Debug|Any CPU
		{2210C171-9DE0-4484-A43E-D5DB76A35156}.Debug|Any CPU.Build.0 = Debug|Any CPU
		{2210C171-9DE0-4484-A43E-D5DB76A35156}.Release|Any CPU.ActiveCfg = Release|Any CPU
		{2210C171-9DE0-4484-A43E-D5DB76A35156}.Release|Any CPU.Build.0 = Release|Any CPU
		{CE9D5DC8-B14F-4DBB-92C7-D5E08DE5D7CE}.Debug|Any CPU.ActiveCfg = Debug|Any CPU
		{CE9D5DC8-B14F-4DBB-92C7-D5E08DE5D7CE}.Debug|Any CPU.Build.0 = Debug|Any CPU
		{CE9D5DC8-B14F-4DBB-92C7-D5E08DE5D7CE}.Release|Any CPU.ActiveCfg = Release|Any CPU
		{CE9D5DC8-B14F-4DBB-92C7-D5E08DE5D7CE}.Release|Any CPU.Build.0 = Release|Any CPU
	EndGlobalSection
	GlobalSection(SolutionProperties) = preSolution
		HideSolutionNode = FALSE
	EndGlobalSection
	GlobalSection(ExtensibilityGlobals) = postSolution
		SolutionGuid = {14A2A34E-609D-42B4-9637-0AA749C50DD3}
	EndGlobalSection
EndGlobal
